
Microsoft Visual Studio Solution File, Format Version 12.00
# Visual Studio Version 17
VisualStudioVersion = 17.10.35013.160
MinimumVisualStudioVersion = 10.0.40219.1
Project("{FAE04EC0-301F-11D3-BF4B-00C04F79EFBC}") = "reflector", "reflector.csproj", "{1673867E-1119-4FEC-9802-95B512C40CBD}"
EndProject
Global
	GlobalSection(SolutionConfigurationPlatforms) = preSolution
		Debug|Any CPU = Debug|Any CPU
		Release|Any CPU = Release|Any CPU
	EndGlobalSection
	GlobalSection(ProjectConfigurationPlatforms) = postSolution
		{1673867E-1119-4FEC-9802-95B512C40CBD}.Debug|Any CPU.ActiveCfg = Debug|Any CPU
		{1673867E-1119-4FEC-9802-95B512C40CBD}.Debug|Any CPU.Build.0 = Debug|Any CPU
		{1673867E-1119-4FEC-9802-95B512C40CBD}.Release|Any CPU.ActiveCfg = Release|Any CPU
		{1673867E-1119-4FEC-9802-95B512C40CBD}.Release|Any CPU.Build.0 = Release|Any CPU
	EndGlobalSection
	GlobalSection(SolutionProperties) = preSolution
		HideSolutionNode = FALSE
	EndGlobalSection
	GlobalSection(ExtensibilityGlobals) = postSolution
		SolutionGuid = {5033C656-3325-4ADD-B251-9ABBAA690776}
	EndGlobalSection
EndGlobal
